SUPABASE_REPOSITORY=https://github.com/supabase/supabase.git
SUPABASE_COMMIT=0e5c073b464b76a1046ff3e9a8467ebbb41a376d
SUPABASE_ARCHIVE_SHA256=cbe978e3564811677a1fc43d4d94bc8461d5ad87160edc9d4c4a255238ba405b
DOCKER_COMPOSE_SHA256=17c19d673711cf1b8e4e59f8b201ccb07b2af541620a2e227d031e870ae90c4a
ENV_EXAMPLE_SHA256=8eede6e4f92c9c2bfcfc864b6f088a1e2c6988b5208998f19d074d3f26bb1055
POSTGRES_MAJOR=17
KONG_IMAGE=kong/kong@sha256:6addf50e6bd8d578314cb9ce4f2d2d1e3781d2edecef59f707e00c6e05d384f5
AUTH_IMAGE=supabase/gotrue@sha256:385184459f57569c54c25209f51f3b2be99ddd7c4ce9e3555b5d3eea8447b7cf
REST_IMAGE=postgrest/postgrest@sha256:54000f24847d01a2c2302e0041cf0618b875c57fb48507d743cfa9aaa50bf43c
REALTIME_IMAGE=supabase/realtime@sha256:aa1c92c0cf326007563641730ec9da9c60478caa6853887775365fa2c097a471
FUNCTIONS_IMAGE=supabase/edge-runtime@sha256:2781daf92394db91f7e94129cc3d04ec474ad16a8fe64b3fbeef6e7d557ab120
POSTGRES_IMAGE=supabase/postgres@sha256:f371b5f3f2ac0a05703f33d6e6134515fb2498cab708fb948a0aeb7481467c00
TEMPLATE_IMAGE=nginxinc/nginx-unprivileged@sha256:47288214e27cc88b5b3c5277f4fcdb58bc29059f86121b59b9c1e1171938216e
